
Microsoft Visual Studio Solution File, Format Version 12.00
# Visual Studio 15
VisualStudioVersion = 15.0.28010.2046
MinimumVisualStudioVersion = 10.0.40219.1
Project("{FAE04EC0-301F-11D3-BF4B-00C04F79EFBC}") = "AudioEngineDemo", "AudioEngineDemo\AudioEngineDemo.csproj", "{58FDBC5E-F356-4F09-A314-BB25B68FE5A4}"
	ProjectSection(ProjectDependencies) = postProject
		{55982207-5BEB-13BC-3A83-166CF875735A} = {55982207-5BEB-13BC-3A83-166CF875735A}
		{61B49B4E-11BF-42B6-A85B-CED7EBFD171E} = {61B49B4E-11BF-42B6-A85B-CED7EBFD171E}
	EndProjectSection
EndProject
Project("{8BC9CEB8-8B4A-11D0-8D11-00A0C91BC942}") = "DemoAudioEngineInterface", "DemoAudioEngineInterface\DemoAudioEngineInterface.vcxproj", "{61B49B4E-11BF-42B6-A85B-CED7EBFD171E}"
EndProject
Project("{8BC9CEB8-8B4A-11D0-8D11-00A0C91BC942}") = "DemoAudioEngine_DynamicLibrary", "..\DemoAudioEngine\Builds\VisualStudio2017\DemoAudioEngine_DynamicLibrary.vcxproj", "{55982207-5BEB-13BC-3A83-166CF875735A}"
EndProject
Global
	GlobalSection(SolutionConfigurationPlatforms) = preSolution
		Debug|x64 = Debug|x64
		Release|x64 = Release|x64
	EndGlobalSection
	GlobalSection(ProjectConfigurationPlatforms) = postSolution
		{58FDBC5E-F356-4F09-A314-BB25B68FE5A4}.Debug|x64.ActiveCfg = Debug|Any CPU
		{58FDBC5E-F356-4F09-A314-BB25B68FE5A4}.Debug|x64.Build.0 = Debug|Any CPU
		{58FDBC5E-F356-4F09-A314-BB25B68FE5A4}.Release|x64.ActiveCfg = Release|Any CPU
		{58FDBC5E-F356-4F09-A314-BB25B68FE5A4}.Release|x64.Build.0 = Release|Any CPU
		{61B49B4E-11BF-42B6-A85B-CED7EBFD171E}.Debug|x64.ActiveCfg = Debug|x64
		{61B49B4E-11BF-42B6-A85B-CED7EBFD171E}.Debug|x64.Build.0 = Debug|x64
		{61B49B4E-11BF-42B6-A85B-CED7EBFD171E}.Release|x64.ActiveCfg = Release|x64
		{61B49B4E-11BF-42B6-A85B-CED7EBFD171E}.Release|x64.Build.0 = Release|x64
		{55982207-5BEB-13BC-3A83-166CF875735A}.Debug|x64.ActiveCfg = Debug|x64
		{55982207-5BEB-13BC-3A83-166CF875735A}.Debug|x64.Build.0 = Debug|x64
		{55982207-5BEB-13BC-3A83-166CF875735A}.Release|x64.ActiveCfg = Release|x64
		{55982207-5BEB-13BC-3A83-166CF875735A}.Release|x64.Build.0 = Release|x64
	EndGlobalSection
	GlobalSection(SolutionProperties) = preSolution
		HideSolutionNode = FALSE
	EndGlobalSection
	GlobalSection(ExtensibilityGlobals) = postSolution
		SolutionGuid = {D7150C62-507A-4881-9EF9-41A5A6CD6015}
	EndGlobalSection
EndGlobal
