// !$*UTF8*$!
{
	archiveVersion = 1;
	classes = {
	};
	objectVersion = 50;
	objects = {

/* Begin PBXBuildFile section */
		EA011290219B161A003AD55F /* AppDelegate.swift in Sources */ = {isa = PBXBuildFile; fileRef = EA01128F219B161A003AD55F /* AppDelegate.swift */; };
		EA011292219B161A003AD55F /* ViewController.swift in Sources */ = {isa = PBXBuildFile; fileRef = EA011291219B161A003AD55F /* ViewController.swift */; };
		EA011294219B161C003AD55F /* Assets.xcassets in Resources */ = {isa = PBXBuildFile; fileRef = EA011293219B161C003AD55F /* Assets.xcassets */; };
		EA011297219B161C003AD55F /* Main.storyboard in Resources */ = {isa = PBXBuildFile; fileRef = EA011295219B161C003AD55F /* Main.storyboard */; };
		EA9209A1219E30400086F190 /* DemoAudioEngine.dylib in Copy Dynamic Library */ = {isa = PBXBuildFile; fileRef = EA92099F219E2FD30086F190 /* DemoAudioEngine.dylib */; };
		EA9209A3219E30530086F190 /* DemoAudioEngine.dylib in Frameworks */ = {isa = PBXBuildFile; fileRef = EA92099F219E2FD30086F190 /* DemoAudioEngine.dylib */; };
/* End PBXBuildFile section */

/* Begin PBXContainerItemProxy section */
		EA92099E219E2FD30086F190 /* PBXContainerItemProxy */ = {
			isa = PBXContainerItemProxy;
			containerPortal = EA92099A219E2FD30086F190 /* DemoAudioEngine.xcodeproj */;
			proxyType = 2;
			remoteGlobalIDString = 7428727726A39CAF6676C987;
			remoteInfo = "DemoAudioEngine - Dynamic Library";
		};
/* End PBXContainerItemProxy section */

/* Begin PBXCopyFilesBuildPhase section */
		EA9209A0219E30310086F190 /* Copy Dynamic Library */ = {
			isa = PBXCopyFilesBuildPhase;
			buildActionMask = 2147483647;
			dstPath = "";
			dstSubfolderSpec = 16;
			files = (
				EA9209A1219E30400086F190 /* DemoAudioEngine.dylib in Copy Dynamic Library */,
			);
			name = "Copy Dynamic Library";
			runOnlyForDeploymentPostprocessing = 0;
		};
/* End PBXCopyFilesBuildPhase section */

/* Begin PBXFileReference section */
		EA01128C219B161A003AD55F /* AudioEngineDemo.app */ = {isa = PBXFileReference; explicitFileType = wrapper.application; includeInIndex = 0; path = AudioEngineDemo.app; sourceTree = BUILT_PRODUCTS_DIR; };
		EA01128F219B161A003AD55F /* AppDelegate.swift */ = {isa = PBXFileReference; lastKnownFileType = sourcecode.swift; path = AppDelegate.swift; sourceTree = "<group>"; };
		EA011291219B161A003AD55F /* ViewController.swift */ = {isa = PBXFileReference; lastKnownFileType = sourcecode.swift; path = ViewController.swift; sourceTree = "<group>"; };
		EA011293219B161C003AD55F /* Assets.xcassets */ = {isa = PBXFileReference; lastKnownFileType = folder.assetcatalog; path = Assets.xcassets; sourceTree = "<group>"; };
		EA011296219B161C003AD55F /* Base */ = {isa = PBXFileReference; lastKnownFileType = file.storyboard; name = Base; path = Base.lproj/Main.storyboard; sourceTree = "<group>"; };
		EA011298219B161C003AD55F /* Info.plist */ = {isa = PBXFileReference; lastKnownFileType = text.plist.xml; path = Info.plist; sourceTree = "<group>"; };
		EA011299219B161C003AD55F /* AudioEngineDemo.entitlements */ = {isa = PBXFileReference; lastKnownFileType = text.plist.entitlements; path = AudioEngineDemo.entitlements; sourceTree = "<group>"; };
		EA92099A219E2FD30086F190 /* DemoAudioEngine.xcodeproj */ = {isa = PBXFileReference; lastKnownFileType = "wrapper.pb-project"; name = DemoAudioEngine.xcodeproj; path = ../DemoAudioEngine/Builds/MacOSX/DemoAudioEngine.xcodeproj; sourceTree = "<group>"; };
		EA9209A4219E37880086F190 /* AudioEngineDemo-Bridging-Header.h */ = {isa = PBXFileReference; lastKnownFileType = sourcecode.c.h; path = "AudioEngineDemo-Bridging-Header.h"; sourceTree = "<group>"; };
/* End PBXFileReference section */

/* Begin PBXFrameworksBuildPhase section */
		EA011289219B161A003AD55F /* Frameworks */ = {
			isa = PBXFrameworksBuildPhase;
			buildActionMask = 2147483647;
			files = (
				EA9209A3219E30530086F190 /* DemoAudioEngine.dylib in Frameworks */,
			);
			runOnlyForDeploymentPostprocessing = 0;
		};
/* End PBXFrameworksBuildPhase section */

/* Begin PBXGroup section */
		EA011283219B161A003AD55F = {
			isa = PBXGroup;
			children = (
				EA01128E219B161A003AD55F /* AudioEngineDemo */,
				EA01128D219B161A003AD55F /* Products */,
				EA9209A2219E30530086F190 /* Frameworks */,
			);
			sourceTree = "<group>";
		};
		EA01128D219B161A003AD55F /* Products */ = {
			isa = PBXGroup;
			children = (
				EA01128C219B161A003AD55F /* AudioEngineDemo.app */,
			);
			name = Products;
			sourceTree = "<group>";
		};
		EA01128E219B161A003AD55F /* AudioEngineDemo */ = {
			isa = PBXGroup;
			children = (
				EA01128F219B161A003AD55F /* AppDelegate.swift */,
				EA011291219B161A003AD55F /* ViewController.swift */,
				EA011293219B161C003AD55F /* Assets.xcassets */,
				EA011295219B161C003AD55F /* Main.storyboard */,
				EA011298219B161C003AD55F /* Info.plist */,
				EA011299219B161C003AD55F /* AudioEngineDemo.entitlements */,
				EA9209A4219E37880086F190 /* AudioEngineDemo-Bridging-Header.h */,
			);
			path = AudioEngineDemo;
			sourceTree = "<group>";
		};
		EA92099B219E2FD30086F190 /* Products */ = {
			isa = PBXGroup;
			children = (
				EA92099F219E2FD30086F190 /* DemoAudioEngine.dylib */,
			);
			name = Products;
			sourceTree = "<group>";
		};
		EA9209A2219E30530086F190 /* Frameworks */ = {
			isa = PBXGroup;
			children = (
				EA92099A219E2FD30086F190 /* DemoAudioEngine.xcodeproj */,
			);
			name = Frameworks;
			sourceTree = "<group>";
		};
/* End PBXGroup section */

/* Begin PBXNativeTarget section */
		EA01128B219B161A003AD55F /* AudioEngineDemo */ = {
			isa = PBXNativeTarget;
			buildConfigurationList = EA01129C219B161C003AD55F /* Build configuration list for PBXNativeTarget "AudioEngineDemo" */;
			buildPhases = (
				EA9209A0219E30310086F190 /* Copy Dynamic Library */,
				EA011288219B161A003AD55F /* Sources */,
				EA011289219B161A003AD55F /* Frameworks */,
				EA01128A219B161A003AD55F /* Resources */,
			);
			buildRules = (
			);
			dependencies = (
			);
			name = AudioEngineDemo;
			productName = AudioEngineDemo;
			productReference = EA01128C219B161A003AD55F /* AudioEngineDemo.app */;
			productType = "com.apple.product-type.application";
		};
/* End PBXNativeTarget section */

/* Begin PBXProject section */
		EA011284219B161A003AD55F /* Project object */ = {
			isa = PBXProject;
			attributes = {
				LastSwiftUpdateCheck = 1000;
				LastUpgradeCheck = 1000;
				ORGANIZATIONNAME = com.acme;
				TargetAttributes = {
					EA01128B219B161A003AD55F = {
						CreatedOnToolsVersion = 10.0;
						LastSwiftMigration = 1000;
					};
				};
			};
			buildConfigurationList = EA011287219B161A003AD55F /* Build configuration list for PBXProject "AudioEngineDemo" */;
			compatibilityVersion = "Xcode 9.3";
			developmentRegion = en;
			hasScannedForEncodings = 0;
			knownRegions = (
				en,
				Base,
			);
			mainGroup = EA011283219B161A003AD55F;
			productRefGroup = EA01128D219B161A003AD55F /* Products */;
			projectDirPath = "";
			projectReferences = (
				{
					ProductGroup = EA92099B219E2FD30086F190 /* Products */;
					ProjectRef = EA92099A219E2FD30086F190 /* DemoAudioEngine.xcodeproj */;
				},
			);
			projectRoot = "";
			targets = (
				EA01128B219B161A003AD55F /* AudioEngineDemo */,
			);
		};
/* End PBXProject section */

/* Begin PBXReferenceProxy section */
		EA92099F219E2FD30086F190 /* DemoAudioEngine.dylib */ = {
			isa = PBXReferenceProxy;
			fileType = "compiled.mach-o.dylib";
			path = DemoAudioEngine.dylib;
			remoteRef = EA92099E219E2FD30086F190 /* PBXContainerItemProxy */;
			sourceTree = BUILT_PRODUCTS_DIR;
		};
/* End PBXReferenceProxy section */

/* Begin PBXResourcesBuildPhase section */
		EA01128A219B161A003AD55F /* Resources */ = {
			isa = PBXResourcesBuildPhase;
			buildActionMask = 2147483647;
			files = (
				EA011294219B161C003AD55F /* Assets.xcassets in Resources */,
				EA011297219B161C003AD55F /* Main.storyboard in Resources */,
			);
			runOnlyForDeploymentPostprocessing = 0;
		};
/* End PBXResourcesBuildPhase section */

/* Begin PBXSourcesBuildPhase section */
		EA011288219B161A003AD55F /* Sources */ = {
			isa = PBXSourcesBuildPhase;
			buildActionMask = 2147483647;
			files = (
				EA011292219B161A003AD55F /* ViewController.swift in Sources */,
				EA011290219B161A003AD55F /* AppDelegate.swift in Sources */,
			);
			runOnlyForDeploymentPostprocessing = 0;
		};
/* End PBXSourcesBuildPhase section */

/* Begin PBXVariantGroup section */
		EA011295219B161C003AD55F /* Main.storyboard */ = {
			isa = PBXVariantGroup;
			children = (
				EA011296219B161C003AD55F /* Base */,
			);
			name = Main.storyboard;
			sourceTree = "<group>";
		};
/* End PBXVariantGroup section */

/* Begin XCBuildConfiguration section */
		EA01129A219B161C003AD55F /* Debug */ = {
			isa = XCBuildConfiguration;
			buildSettings = {
				ALWAYS_SEARCH_USER_PATHS = NO;
				CLANG_ANALYZER_NONNULL = YES;
				CLANG_ANALYZER_NUMBER_OBJECT_CONVERSION = YES_AGGRESSIVE;
				CLANG_CXX_LANGUAGE_STANDARD = "gnu++14";
				CLANG_CXX_LIBRARY = "libc++";
				CLANG_ENABLE_MODULES = YES;
				CLANG_ENABLE_OBJC_ARC = YES;
				CLANG_ENABLE_OBJC_WEAK = YES;
				CLANG_WARN_BLOCK_CAPTURE_AUTORELEASING = YES;
				CLANG_WARN_BOOL_CONVERSION = YES;
				CLANG_WARN_COMMA = YES;
				CLANG_WARN_CONSTANT_CONVERSION = YES;
				CLANG_WARN_DEPRECATED_OBJC_IMPLEMENTATIONS = YES;
				CLANG_WARN_DIRECT_OBJC_ISA_USAGE = YES_ERROR;
				CLANG_WARN_DOCUMENTATION_COMMENTS = YES;
				CLANG_WARN_EMPTY_BODY = YES;
				CLANG_WARN_ENUM_CONVERSION = YES;
				CLANG_WARN_INFINITE_RECURSION = YES;
				CLANG_WARN_INT_CONVERSION = YES;
				CLANG_WARN_NON_LITERAL_NULL_CONVERSION = YES;
				CLANG_WARN_OBJC_IMPLICIT_RETAIN_SELF = YES;
				CLANG_WARN_OBJC_LITERAL_CONVERSION = YES;
				CLANG_WARN_OBJC_ROOT_CLASS = YES_ERROR;
				CLANG_WARN_RANGE_LOOP_ANALYSIS = YES;
				CLANG_WARN_STRICT_PROTOTYPES = YES;
				CLANG_WARN_SUSPICIOUS_MOVE = YES;
				CLANG_WARN_UNGUARDED_AVAILABILITY = YES_AGGRESSIVE;
				CLANG_WARN_UNREACHABLE_CODE = YES;
				CLANG_WARN__DUPLICATE_METHOD_MATCH = YES;
				CODE_SIGN_IDENTITY = "-";
				COPY_PHASE_STRIP = NO;
				DEBUG_INFORMATION_FORMAT = dwarf;
				ENABLE_STRICT_OBJC_MSGSEND = YES;
				ENABLE_TESTABILITY = YES;
				GCC_C_LANGUAGE_STANDARD = gnu11;
				GCC_DYNAMIC_NO_PIC = NO;
				GCC_NO_COMMON_BLOCKS = YES;
				GCC_OPTIMIZATION_LEVEL = 0;
				GCC_PREPROCESSOR_DEFINITIONS = (
					"DEBUG=1",
					"$(inherited)",
				);
				GCC_WARN_64_TO_32_BIT_CONVERSION = YES;
				GCC_WARN_ABOUT_RETURN_TYPE = YES_ERROR;
				GCC_WARN_UNDECLARED_SELECTOR = YES;
				GCC_WARN_UNINITIALIZED_AUTOS = YES_AGGRESSIVE;
				GCC_WARN_UNUSED_FUNCTION = YES;
				GCC_WARN_UNUSED_VARIABLE = YES;
				MACOSX_DEPLOYMENT_TARGET = 10.14;
				MTL_ENABLE_DEBUG_INFO = INCLUDE_SOURCE;
				MTL_FAST_MATH = YES;
				ONLY_ACTIVE_ARCH = YES;
				SDKROOT = macosx;
				SWIFT_ACTIVE_COMPILATION_CONDITIONS = DEBUG;
				SWIFT_OPTIMIZATION_LEVEL = "-Onone";
			};
			name = Debug;
		};
		EA01129B219B161C003AD55F /* Release */ = {
			isa = XCBuildConfiguration;
			buildSettings = {
				ALWAYS_SEARCH_USER_PATHS = NO;
				CLANG_ANALYZER_NONNULL = YES;
				CLANG_ANALYZER_NUMBER_OBJECT_CONVERSION = YES_AGGRESSIVE;
				CLANG_CXX_LANGUAGE_STANDARD = "gnu++14";
				CLANG_CXX_LIBRARY = "libc++";
				CLANG_ENABLE_MODULES = YES;
				CLANG_ENABLE_OBJC_ARC = YES;
				CLANG_ENABLE_OBJC_WEAK = YES;
				CLANG_WARN_BLOCK_CAPTURE_AUTORELEASING = YES;
				CLANG_WARN_BOOL_CONVERSION = YES;
				CLANG_WARN_COMMA = YES;
				CLANG_WARN_CONSTANT_CONVERSION = YES;
				CLANG_WARN_DEPRECATED_OBJC_IMPLEMENTATIONS = YES;
				CLANG_WARN_DIRECT_OBJC_ISA_USAGE = YES_ERROR;
				CLANG_WARN_DOCUMENTATION_COMMENTS = YES;
				CLANG_WARN_EMPTY_BODY = YES;
				CLANG_WARN_ENUM_CONVERSION = YES;
				CLANG_WARN_INFINITE_RECURSION = YES;
				CLANG_WARN_INT_CONVERSION = YES;
				CLANG_WARN_NON_LITERAL_NULL_CONVERSION = YES;
				CLANG_WARN_OBJC_IMPLICIT_RETAIN_SELF = YES;
				CLANG_WARN_OBJC_LITERAL_CONVERSION = YES;
				CLANG_WARN_OBJC_ROOT_CLASS = YES_ERROR;
				CLANG_WARN_RANGE_LOOP_ANALYSIS = YES;
				CLANG_WARN_STRICT_PROTOTYPES = YES;
				CLANG_WARN_SUSPICIOUS_MOVE = YES;
				CLANG_WARN_UNGUARDED_AVAILABILITY = YES_AGGRESSIVE;
				CLANG_WARN_UNREACHABLE_CODE = YES;
				CLANG_WARN__DUPLICATE_METHOD_MATCH = YES;
				CODE_SIGN_IDENTITY = "-";
				COPY_PHASE_STRIP = NO;
				DEBUG_INFORMATION_FORMAT = "dwarf-with-dsym";
				ENABLE_NS_ASSERTIONS = NO;
				ENABLE_STRICT_OBJC_MSGSEND = YES;
				GCC_C_LANGUAGE_STANDARD = gnu11;
				GCC_NO_COMMON_BLOCKS = YES;
				GCC_WARN_64_TO_32_BIT_CONVERSION = YES;
				GCC_WARN_ABOUT_RETURN_TYPE = YES_ERROR;
				GCC_WARN_UNDECLARED_SELECTOR = YES;
				GCC_WARN_UNINITIALIZED_AUTOS = YES_AGGRESSIVE;
				GCC_WARN_UNUSED_FUNCTION = YES;
				GCC_WARN_UNUSED_VARIABLE = YES;
				MACOSX_DEPLOYMENT_TARGET = 10.14;
				MTL_ENABLE_DEBUG_INFO = NO;
				MTL_FAST_MATH = YES;
				SDKROOT = macosx;
				SWIFT_COMPILATION_MODE = wholemodule;
				SWIFT_OPTIMIZATION_LEVEL = "-O";
			};
			name = Release;
		};
		EA01129D219B161C003AD55F /* Debug */ = {
			isa = XCBuildConfiguration;
			buildSettings = {
				ASSETCATALOG_COMPILER_APPICON_NAME = AppIcon;
				CLANG_ENABLE_MODULES = YES;
				CODE_SIGN_ENTITLEMENTS = AudioEngineDemo/AudioEngineDemo.entitlements;
				CODE_SIGN_STYLE = Automatic;
				COMBINE_HIDPI_IMAGES = YES;
				HEADER_SEARCH_PATHS = ../DemoAudioEngine/Source;
				INFOPLIST_FILE = AudioEngineDemo/Info.plist;
				LD_RUNPATH_SEARCH_PATHS = (
					"$(inherited)",
					"@executable_path/../Frameworks",
				);
				PRODUCT_BUNDLE_IDENTIFIER = com.acme.AudioEngineDemo;
				PRODUCT_NAME = "$(TARGET_NAME)";
				SWIFT_OBJC_BRIDGING_HEADER = "AudioEngineDemo/AudioEngineDemo-Bridging-Header.h";
				SWIFT_OPTIMIZATION_LEVEL = "-Onone";
				SWIFT_VERSION = 4.2;
			};
			name = Debug;
		};
		EA01129E219B161C003AD55F /* Release */ = {
			isa = XCBuildConfiguration;
			buildSettings = {
				ASSETCATALOG_COMPILER_APPICON_NAME = AppIcon;
				CLANG_ENABLE_MODULES = YES;
				CODE_SIGN_ENTITLEMENTS = AudioEngineDemo/AudioEngineDemo.entitlements;
				CODE_SIGN_STYLE = Automatic;
				COMBINE_HIDPI_IMAGES = YES;
				HEADER_SEARCH_PATHS = ../DemoAudioEngine/Source;
				INFOPLIST_FILE = AudioEngineDemo/Info.plist;
				LD_RUNPATH_SEARCH_PATHS = (
					"$(inherited)",
					"@executable_path/../Frameworks",
				);
				PRODUCT_BUNDLE_IDENTIFIER = com.acme.AudioEngineDemo;
				PRODUCT_NAME = "$(TARGET_NAME)";
				SWIFT_OBJC_BRIDGING_HEADER = "AudioEngineDemo/AudioEngineDemo-Bridging-Header.h";
				SWIFT_VERSION = 4.2;
			};
			name = Release;
		};
/* End XCBuildConfiguration section */

/* Begin XCConfigurationList section */
		EA011287219B161A003AD55F /* Build configuration list for PBXProject "AudioEngineDemo" */ = {
			isa = XCConfigurationList;
			buildConfigurations = (
				EA01129A219B161C003AD55F /* Debug */,
				EA01129B219B161C003AD55F /* Release */,
			);
			defaultConfigurationIsVisible = 0;
			defaultConfigurationName = Release;
		};
		EA01129C219B161C003AD55F /* Build configuration list for PBXNativeTarget "AudioEngineDemo" */ = {
			isa = XCConfigurationList;
			buildConfigurations = (
				EA01129D219B161C003AD55F /* Debug */,
				EA01129E219B161C003AD55F /* Release */,
			);
			defaultConfigurationIsVisible = 0;
			defaultConfigurationName = Release;
		};
/* End XCConfigurationList section */
	};
	rootObject = EA011284219B161A003AD55F /* Project object */;
}
