<?xml version="1.0" encoding="UTF-8"?>
<Scheme
   version = "1.3">
   <BuildAction>
      <BuildActionEntries>
         <BuildActionEntry
            buildForRunning = "YES">
            <BuildableReference
               BuildableIdentifier = "primary"
               BlueprintIdentifier = "EAA01DFE2191DDE000AA8344"
               BuildableName = "AudioEngineDemo.app"
               BlueprintName = "AudioEngineDemo"
               ReferencedContainer = "container:AudioEngineDemo.xcodeproj">
            </BuildableReference>
         </BuildActionEntry>
      </BuildActionEntries>
   </BuildAction>
   <LaunchAction
      useCustomWorkingDirectory = "NO"
      buildConfiguration = "Debug"
      allowLocationSimulation = "YES">
      <BuildableProductRunnable>
         <BuildableReference
            BuildableIdentifier = "primary"
            BlueprintIdentifier = "EAA01DFE2191DDE000AA8344"
            BuildableName = "AudioEngineDemo.app"
            BlueprintName = "AudioEngineDemo"
            ReferencedContainer = "container:AudioEngineDemo.xcodeproj">
         </BuildableReference>
      </BuildableProductRunnable>
   </LaunchAction>
</Scheme>
